<?xml version="1.0" encoding="utf-8"?>
<Project ToolsVersion="4.0" xmlns="http://schemas.microsoft.com/developer/msbuild/2003">
  <ItemGroup>
    <ClCompile Include="main.cpp" />
    <ClCompile Include="capture\d3d9_screen_capture.cc">
      <Filter>capture</Filter>
    </ClCompile>
    <ClCompile Include="capture\window_helper.cc">
      <Filter>capture</Filter>
    </ClCompile>
    <ClCompile Include="encode\h264_encoder.cpp">
      <Filter>encode</Filter>
    </ClCompile>
    <ClCompile Include="encode\video_converter.cpp">
      <Filter>encode</Filter>
    </ClCompile>
    <ClCompile Include="capture\d3d11_screen_capture.cc">
      <Filter>capture</Filter>
    </ClCompile>
    <ClCompile Include="rtp\h264_packet.cpp">
      <Filter>rtp</Filter>
    </ClCompile>
    <ClCompile Include="rtp\packet.cpp">
      <Filter>rtp</Filter>
    </ClCompile>
    <ClCompile Include="rtp\packetizer.cpp">
      <Filter>rtp</Filter>
    </ClCompile>
    <ClCompile Include="net\easywsclient.cpp">
      <Filter>net</Filter>
    </ClCompile>
    <ClCompile Include="net\udp_client.cpp">
      <Filter>net</Filter>
    </ClCompile>
    <ClCompile Include="binary\binary.cpp">
      <Filter>binary</Filter>
    </ClCompile>
    <ClCompile Include="rtp\rtp_recorder.cpp">
      <Filter>rtp</Filter>
    </ClCompile>
  </ItemGroup>
  <ItemGroup>
    <Filter Include="capture">
      <UniqueIdentifier>{cb7f85da-d55d-41b5-acaa-a42b2bb1a8b2}</UniqueIdentifier>
    </Filter>
    <Filter Include="encode">
      <UniqueIdentifier>{45990567-76bf-4b33-856f-b4103d7ed781}</UniqueIdentifier>
    </Filter>
    <Filter Include="rtp">
      <UniqueIdentifier>{69452de6-e071-4798-ac15-43a0b9b1efaf}</UniqueIdentifier>
    </Filter>
    <Filter Include="net">
      <UniqueIdentifier>{7ccf78f5-3ba6-46c0-9022-bc3b8db31555}</UniqueIdentifier>
    </Filter>
    <Filter Include="binary">
      <UniqueIdentifier>{fb82b860-6cb3-4815-bcbb-44399a05973d}</UniqueIdentifier>
    </Filter>
  </ItemGroup>
  <ItemGroup>
    <ClInclude Include="capture\d3d9_screen_capture.h">
      <Filter>capture</Filter>
    </ClInclude>
    <ClInclude Include="capture\screen_capture.h">
      <Filter>capture</Filter>
    </ClInclude>
    <ClInclude Include="capture\window_helper.h">
      <Filter>capture</Filter>
    </ClInclude>
    <ClInclude Include="encode\av_common.h">
      <Filter>encode</Filter>
    </ClInclude>
    <ClInclude Include="encode\av_encoder.h">
      <Filter>encode</Filter>
    </ClInclude>
    <ClInclude Include="encode\h264_encoder.h">
      <Filter>encode</Filter>
    </ClInclude>
    <ClInclude Include="encode\video_converter.h">
      <Filter>encode</Filter>
    </ClInclude>
    <ClInclude Include="capture\d3d11_screen_capture.h">
      <Filter>capture</Filter>
    </ClInclude>
    <ClInclude Include="rtp\h264_packet.h">
      <Filter>rtp</Filter>
    </ClInclude>
    <ClInclude Include="rtp\packet.h">
      <Filter>rtp</Filter>
    </ClInclude>
    <ClInclude Include="rtp\packetizer.h">
      <Filter>rtp</Filter>
    </ClInclude>
    <ClInclude Include="net\easywsclient.hpp">
      <Filter>net</Filter>
    </ClInclude>
    <ClInclude Include="net\udp_client.h">
      <Filter>net</Filter>
    </ClInclude>
    <ClInclude Include="binary\base64.h">
      <Filter>binary</Filter>
    </ClInclude>
    <ClInclude Include="binary\binary.h">
      <Filter>binary</Filter>
    </ClInclude>
    <ClInclude Include="binary\timestamp.h">
      <Filter>binary</Filter>
    </ClInclude>
    <ClInclude Include="rtp\rtp_recorder.h">
      <Filter>rtp</Filter>
    </ClInclude>
  </ItemGroup>
</Project>